
Microsoft Visual Studio Solution File, Format Version 12.00
# Visual Studio Version 16
VisualStudioVersion = 16.0.30717.126
MinimumVisualStudioVersion = 10.0.40219.1
Project("{888888A0-9F3D-457C-B088-3A5042F75D52}") = "token_1", "token_1\token_1.pyproj", "{D076E9F5-BFE3-4D5F-AB6A-6F58F377FA63}"
EndProject
Global
	GlobalSection(SolutionConfigurationPlatforms) = preSolution
		Debug|Any CPU = Debug|Any CPU
		Release|Any CPU = Release|Any CPU
	EndGlobalSection
	GlobalSection(ProjectConfigurationPlatforms) = postSolution
		{D076E9F5-BFE3-4D5F-AB6A-6F58F377FA63}.Debug|Any CPU.ActiveCfg = Debug|Any CPU
		{D076E9F5-BFE3-4D5F-AB6A-6F58F377FA63}.Release|Any CPU.ActiveCfg = Release|Any CPU
	EndGlobalSection
	GlobalSection(SolutionProperties) = preSolution
		HideSolutionNode = FALSE
	EndGlobalSection
	GlobalSection(ExtensibilityGlobals) = postSolution
		SolutionGuid = {2181222E-32F0-4C6F-B4DF-E72ED72B0DF0}
	EndGlobalSection
EndGlobal
